// !$*UTF8*$!
{
	archiveVersion = 1;
	classes = {
	};
	objectVersion = 55;
	objects = {

/* Begin PBXBuildFile section */
		FEA0979A28BBC75900904523 /* calculatorApp.swift in Sources */ = {isa = PBXBuildFile; fileRef = FEA0979928BBC75900904523 /* calculatorApp.swift */; };
		FEA0979C28BBC75900904523 /* ContentView.swift in Sources */ = {isa = PBXBuildFile; fileRef = FEA0979B28BBC75900904523 /* ContentView.swift */; };
		FEA0979E28BBC76000904523 /* Assets.xcassets in Resources */ = {isa = PBXBuildFile; fileRef = FEA0979D28BBC76000904523 /* Assets.xcassets */; };
		FEA097A128BBC76000904523 /* Preview Assets.xcassets in Resources */ = {isa = PBXBuildFile; fileRef = FEA097A028BBC76000904523 /* Preview Assets.xcassets */; };
		FEA097AB28BBC76000904523 /* calculatorTests.swift in Sources */ = {isa = PBXBuildFile; fileRef = FEA097AA28BBC76000904523 /* calculatorTests.swift */; };
		FEA097B528BBC76000904523 /* calculatorUITests.swift in Sources */ = {isa = PBXBuildFile; fileRef = FEA097B428BBC76000904523 /* calculatorUITests.swift */; };
		FEA097B728BBC76000904523 /* calculatorUITestsLaunchTests.swift in Sources */ = {isa = PBXBuildFile; fileRef = FEA097B628BBC76000904523 /* calculatorUITestsLaunchTests.swift */; };
		FEA097CA28BEB52C00904523 /* Parser.swift in Sources */ = {isa = PBXBuildFile; fileRef = FEA097C928BEB52C00904523 /* Parser.swift */; };
		FEA097CC28BEB54700904523 /* Evaluator.swift in Sources */ = {isa = PBXBuildFile; fileRef = FEA097CB28BEB54700904523 /* Evaluator.swift */; };
		FEA097CE28BEB56700904523 /* Converter.swift in Sources */ = {isa = PBXBuildFile; fileRef = FEA097CD28BEB56700904523 /* Converter.swift */; };
		FEA097D028BEB57900904523 /* UI.swift in Sources */ = {isa = PBXBuildFile; fileRef = FEA097CF28BEB57900904523 /* UI.swift */; };
		FEA097D228BEB5C200904523 /* Tokens.swift in Sources */ = {isa = PBXBuildFile; fileRef = FEA097D128BEB5C200904523 /* Tokens.swift */; };
		FEA097D428BEB5FB00904523 /* Stack.swift in Sources */ = {isa = PBXBuildFile; fileRef = FEA097D328BEB5FB00904523 /* Stack.swift */; };
		FEA097D628BEBCA500904523 /* Calculator.swift in Sources */ = {isa = PBXBuildFile; fileRef = FEA097D528BEBCA500904523 /* Calculator.swift */; };
/* End PBXBuildFile section */

/* Begin PBXContainerItemProxy section */
		FEA097A728BBC76000904523 /* PBXContainerItemProxy */ = {
			isa = PBXContainerItemProxy;
			containerPortal = FEA0978E28BBC75800904523 /* Project object */;
			proxyType = 1;
			remoteGlobalIDString = FEA0979528BBC75800904523;
			remoteInfo = calculator;
		};
		FEA097B128BBC76000904523 /* PBXContainerItemProxy */ = {
			isa = PBXContainerItemProxy;
			containerPortal = FEA0978E28BBC75800904523 /* Project object */;
			proxyType = 1;
			remoteGlobalIDString = FEA0979528BBC75800904523;
			remoteInfo = calculator;
		};
/* End PBXContainerItemProxy section */

/* Begin PBXFileReference section */
		FEA0979628BBC75900904523 /* calculator.app */ = {isa = PBXFileReference; explicitFileType = wrapper.application; includeInIndex = 0; path = calculator.app; sourceTree = BUILT_PRODUCTS_DIR; };
		FEA0979928BBC75900904523 /* calculatorApp.swift */ = {isa = PBXFileReference; lastKnownFileType = sourcecode.swift; path = calculatorApp.swift; sourceTree = "<group>"; };
		FEA0979B28BBC75900904523 /* ContentView.swift */ = {isa = PBXFileReference; lastKnownFileType = sourcecode.swift; path = ContentView.swift; sourceTree = "<group>"; };
		FEA0979D28BBC76000904523 /* Assets.xcassets */ = {isa = PBXFileReference; lastKnownFileType = folder.assetcatalog; path = Assets.xcassets; sourceTree = "<group>"; };
		FEA097A028BBC76000904523 /* Preview Assets.xcassets */ = {isa = PBXFileReference; lastKnownFileType = folder.assetcatalog; path = "Preview Assets.xcassets"; sourceTree = "<group>"; };
		FEA097A628BBC76000904523 /* calculatorTests.xctest */ = {isa = PBXFileReference; explicitFileType = wrapper.cfbundle; includeInIndex = 0; path = calculatorTests.xctest; sourceTree = BUILT_PRODUCTS_DIR; };
		FEA097AA28BBC76000904523 /* calculatorTests.swift */ = {isa = PBXFileReference; lastKnownFileType = sourcecode.swift; path = calculatorTests.swift; sourceTree = "<group>"; };
		FEA097B028BBC76000904523 /* calculatorUITests.xctest */ = {isa = PBXFileReference; explicitFileType = wrapper.cfbundle; includeInIndex = 0; path = calculatorUITests.xctest; sourceTree = BUILT_PRODUCTS_DIR; };
		FEA097B428BBC76000904523 /* calculatorUITests.swift */ = {isa = PBXFileReference; lastKnownFileType = sourcecode.swift; path = calculatorUITests.swift; sourceTree = "<group>"; };
		FEA097B628BBC76000904523 /* calculatorUITestsLaunchTests.swift */ = {isa = PBXFileReference; lastKnownFileType = sourcecode.swift; path = calculatorUITestsLaunchTests.swift; sourceTree = "<group>"; };
		FEA097C928BEB52C00904523 /* Parser.swift */ = {isa = PBXFileReference; lastKnownFileType = sourcecode.swift; path = Parser.swift; sourceTree = "<group>"; };
		FEA097CB28BEB54700904523 /* Evaluator.swift */ = {isa = PBXFileReference; lastKnownFileType = sourcecode.swift; path = Evaluator.swift; sourceTree = "<group>"; };
		FEA097CD28BEB56700904523 /* Converter.swift */ = {isa = PBXFileReference; lastKnownFileType = sourcecode.swift; path = Converter.swift; sourceTree = "<group>"; };
		FEA097CF28BEB57900904523 /* UI.swift */ = {isa = PBXFileReference; lastKnownFileType = sourcecode.swift; path = UI.swift; sourceTree = "<group>"; };
		FEA097D128BEB5C200904523 /* Tokens.swift */ = {isa = PBXFileReference; lastKnownFileType = sourcecode.swift; path = Tokens.swift; sourceTree = "<group>"; };
		FEA097D328BEB5FB00904523 /* Stack.swift */ = {isa = PBXFileReference; lastKnownFileType = sourcecode.swift; path = Stack.swift; sourceTree = "<group>"; };
		FEA097D528BEBCA500904523 /* Calculator.swift */ = {isa = PBXFileReference; lastKnownFileType = sourcecode.swift; path = Calculator.swift; sourceTree = "<group>"; };
/* End PBXFileReference section */

/* Begin PBXFrameworksBuildPhase section */
		FEA0979328BBC75800904523 /* Frameworks */ = {
			isa = PBXFrameworksBuildPhase;
			buildActionMask = 2147483647;
			files = (
			);
			runOnlyForDeploymentPostprocessing = 0;
		};
		FEA097A328BBC76000904523 /* Frameworks */ = {
			isa = PBXFrameworksBuildPhase;
			buildActionMask = 2147483647;
			files = (
			);
			runOnlyForDeploymentPostprocessing = 0;
		};
		FEA097AD28BBC76000904523 /* Frameworks */ = {
			isa = PBXFrameworksBuildPhase;
			buildActionMask = 2147483647;
			files = (
			);
			runOnlyForDeploymentPostprocessing = 0;
		};
/* End PBXFrameworksBuildPhase section */

/* Begin PBXGroup section */
		FEA0978D28BBC75800904523 = {
			isa = PBXGroup;
			children = (
				FEA0979828BBC75900904523 /* calculator */,
				FEA097A928BBC76000904523 /* calculatorTests */,
				FEA097B328BBC76000904523 /* calculatorUITests */,
				FEA0979728BBC75900904523 /* Products */,
			);
			sourceTree = "<group>";
		};
		FEA0979728BBC75900904523 /* Products */ = {
			isa = PBXGroup;
			children = (
				FEA0979628BBC75900904523 /* calculator.app */,
				FEA097A628BBC76000904523 /* calculatorTests.xctest */,
				FEA097B028BBC76000904523 /* calculatorUITests.xctest */,
			);
			name = Products;
			sourceTree = "<group>";
		};
		FEA0979828BBC75900904523 /* calculator */ = {
			isa = PBXGroup;
			children = (
				FEA097D528BEBCA500904523 /* Calculator.swift */,
				FEA097D328BEB5FB00904523 /* Stack.swift */,
				FEA097D128BEB5C200904523 /* Tokens.swift */,
				FEA097C928BEB52C00904523 /* Parser.swift */,
				FEA097CB28BEB54700904523 /* Evaluator.swift */,
				FEA097CD28BEB56700904523 /* Converter.swift */,
				FEA097CF28BEB57900904523 /* UI.swift */,
				FEA0979928BBC75900904523 /* calculatorApp.swift */,
				FEA0979B28BBC75900904523 /* ContentView.swift */,
				FEA0979D28BBC76000904523 /* Assets.xcassets */,
				FEA0979F28BBC76000904523 /* Preview Content */,
			);
			path = calculator;
			sourceTree = "<group>";
		};
		FEA0979F28BBC76000904523 /* Preview Content */ = {
			isa = PBXGroup;
			children = (
				FEA097A028BBC76000904523 /* Preview Assets.xcassets */,
			);
			path = "Preview Content";
			sourceTree = "<group>";
		};
		FEA097A928BBC76000904523 /* calculatorTests */ = {
			isa = PBXGroup;
			children = (
				FEA097AA28BBC76000904523 /* calculatorTests.swift */,
			);
			path = calculatorTests;
			sourceTree = "<group>";
		};
		FEA097B328BBC76000904523 /* calculatorUITests */ = {
			isa = PBXGroup;
			children = (
				FEA097B428BBC76000904523 /* calculatorUITests.swift */,
				FEA097B628BBC76000904523 /* calculatorUITestsLaunchTests.swift */,
			);
			path = calculatorUITests;
			sourceTree = "<group>";
		};
/* End PBXGroup section */

/* Begin PBXNativeTarget section */
		FEA0979528BBC75800904523 /* calculator */ = {
			isa = PBXNativeTarget;
			buildConfigurationList = FEA097BA28BBC76000904523 /* Build configuration list for PBXNativeTarget "calculator" */;
			buildPhases = (
				FEA0979228BBC75800904523 /* Sources */,
				FEA0979328BBC75800904523 /* Frameworks */,
				FEA0979428BBC75800904523 /* Resources */,
			);
			buildRules = (
			);
			dependencies = (
			);
			name = calculator;
			productName = calculator;
			productReference = FEA0979628BBC75900904523 /* calculator.app */;
			productType = "com.apple.product-type.application";
		};
		FEA097A528BBC76000904523 /* calculatorTests */ = {
			isa = PBXNativeTarget;
			buildConfigurationList = FEA097BD28BBC76000904523 /* Build configuration list for PBXNativeTarget "calculatorTests" */;
			buildPhases = (
				FEA097A228BBC76000904523 /* Sources */,
				FEA097A328BBC76000904523 /* Frameworks */,
				FEA097A428BBC76000904523 /* Resources */,
			);
			buildRules = (
			);
			dependencies = (
				FEA097A828BBC76000904523 /* PBXTargetDependency */,
			);
			name = calculatorTests;
			productName = calculatorTests;
			productReference = FEA097A628BBC76000904523 /* calculatorTests.xctest */;
			productType = "com.apple.product-type.bundle.unit-test";
		};
		FEA097AF28BBC76000904523 /* calculatorUITests */ = {
			isa = PBXNativeTarget;
			buildConfigurationList = FEA097C028BBC76000904523 /* Build configuration list for PBXNativeTarget "calculatorUITests" */;
			buildPhases = (
				FEA097AC28BBC76000904523 /* Sources */,
				FEA097AD28BBC76000904523 /* Frameworks */,
				FEA097AE28BBC76000904523 /* Resources */,
			);
			buildRules = (
			);
			dependencies = (
				FEA097B228BBC76000904523 /* PBXTargetDependency */,
			);
			name = calculatorUITests;
			productName = calculatorUITests;
			productReference = FEA097B028BBC76000904523 /* calculatorUITests.xctest */;
			productType = "com.apple.product-type.bundle.ui-testing";
		};
/* End PBXNativeTarget section */

/* Begin PBXProject section */
		FEA0978E28BBC75800904523 /* Project object */ = {
			isa = PBXProject;
			attributes = {
				BuildIndependentTargetsInParallel = 1;
				LastSwiftUpdateCheck = 1340;
				LastUpgradeCheck = 1340;
				TargetAttributes = {
					FEA0979528BBC75800904523 = {
						CreatedOnToolsVersion = 13.4.1;
					};
					FEA097A528BBC76000904523 = {
						CreatedOnToolsVersion = 13.4.1;
						TestTargetID = FEA0979528BBC75800904523;
					};
					FEA097AF28BBC76000904523 = {
						CreatedOnToolsVersion = 13.4.1;
						TestTargetID = FEA0979528BBC75800904523;
					};
				};
			};
			buildConfigurationList = FEA0979128BBC75800904523 /* Build configuration list for PBXProject "calculator" */;
			compatibilityVersion = "Xcode 13.0";
			developmentRegion = en;
			hasScannedForEncodings = 0;
			knownRegions = (
				en,
				Base,
			);
			mainGroup = FEA0978D28BBC75800904523;
			productRefGroup = FEA0979728BBC75900904523 /* Products */;
			projectDirPath = "";
			projectRoot = "";
			targets = (
				FEA0979528BBC75800904523 /* calculator */,
				FEA097A528BBC76000904523 /* calculatorTests */,
				FEA097AF28BBC76000904523 /* calculatorUITests */,
			);
		};
/* End PBXProject section */

/* Begin PBXResourcesBuildPhase section */
		FEA0979428BBC75800904523 /* Resources */ = {
			isa = PBXResourcesBuildPhase;
			buildActionMask = 2147483647;
			files = (
				FEA097A128BBC76000904523 /* Preview Assets.xcassets in Resources */,
				FEA0979E28BBC76000904523 /* Assets.xcassets in Resources */,
			);
			runOnlyForDeploymentPostprocessing = 0;
		};
		FEA097A428BBC76000904523 /* Resources */ = {
			isa = PBXResourcesBuildPhase;
			buildActionMask = 2147483647;
			files = (
			);
			runOnlyForDeploymentPostprocessing = 0;
		};
		FEA097AE28BBC76000904523 /* Resources */ = {
			isa = PBXResourcesBuildPhase;
			buildActionMask = 2147483647;
			files = (
			);
			runOnlyForDeploymentPostprocessing = 0;
		};
/* End PBXResourcesBuildPhase section */

/* Begin PBXSourcesBuildPhase section */
		FEA0979228BBC75800904523 /* Sources */ = {
			isa = PBXSourcesBuildPhase;
			buildActionMask = 2147483647;
			files = (
				FEA097CC28BEB54700904523 /* Evaluator.swift in Sources */,
				FEA097D428BEB5FB00904523 /* Stack.swift in Sources */,
				FEA097D028BEB57900904523 /* UI.swift in Sources */,
				FEA097CA28BEB52C00904523 /* Parser.swift in Sources */,
				FEA097D228BEB5C200904523 /* Tokens.swift in Sources */,
				FEA097D628BEBCA500904523 /* Calculator.swift in Sources */,
				FEA0979C28BBC75900904523 /* ContentView.swift in Sources */,
				FEA097CE28BEB56700904523 /* Converter.swift in Sources */,
				FEA0979A28BBC75900904523 /* calculatorApp.swift in Sources */,
			);
			runOnlyForDeploymentPostprocessing = 0;
		};
		FEA097A228BBC76000904523 /* Sources */ = {
			isa = PBXSourcesBuildPhase;
			buildActionMask = 2147483647;
			files = (
				FEA097AB28BBC76000904523 /* calculatorTests.swift in Sources */,
			);
			runOnlyForDeploymentPostprocessing = 0;
		};
		FEA097AC28BBC76000904523 /* Sources */ = {
			isa = PBXSourcesBuildPhase;
			buildActionMask = 2147483647;
			files = (
				FEA097B728BBC76000904523 /* calculatorUITestsLaunchTests.swift in Sources */,
				FEA097B528BBC76000904523 /* calculatorUITests.swift in Sources */,
			);
			runOnlyForDeploymentPostprocessing = 0;
		};
/* End PBXSourcesBuildPhase section */

/* Begin PBXTargetDependency section */
		FEA097A828BBC76000904523 /* PBXTargetDependency */ = {
			isa = PBXTargetDependency;
			target = FEA0979528BBC75800904523 /* calculator */;
			targetProxy = FEA097A728BBC76000904523 /* PBXContainerItemProxy */;
		};
		FEA097B228BBC76000904523 /* PBXTargetDependency */ = {
			isa = PBXTargetDependency;
			target = FEA0979528BBC75800904523 /* calculator */;
			targetProxy = FEA097B128BBC76000904523 /* PBXContainerItemProxy */;
		};
/* End PBXTargetDependency section */

/* Begin XCBuildConfiguration section */
		FEA097B828BBC76000904523 /* Debug */ = {
			isa = XCBuildConfiguration;
			buildSettings = {
				ALWAYS_SEARCH_USER_PATHS = NO;
				CLANG_ANALYZER_NONNULL = YES;
				CLANG_ANALYZER_NUMBER_OBJECT_CONVERSION = YES_AGGRESSIVE;
				CLANG_CXX_LANGUAGE_STANDARD = "gnu++17";
				CLANG_ENABLE_MODULES = YES;
				CLANG_ENABLE_OBJC_ARC = YES;
				CLANG_ENABLE_OBJC_WEAK = YES;
				CLANG_WARN_BLOCK_CAPTURE_AUTORELEASING = YES;
				CLANG_WARN_BOOL_CONVERSION = YES;
				CLANG_WARN_COMMA = YES;
				CLANG_WARN_CONSTANT_CONVERSION = YES;
				CLANG_WARN_DEPRECATED_OBJC_IMPLEMENTATIONS = YES;
				CLANG_WARN_DIRECT_OBJC_ISA_USAGE = YES_ERROR;
				CLANG_WARN_DOCUMENTATION_COMMENTS = YES;
				CLANG_WARN_EMPTY_BODY = YES;
				CLANG_WARN_ENUM_CONVERSION = YES;
				CLANG_WARN_INFINITE_RECURSION = YES;
				CLANG_WARN_INT_CONVERSION = YES;
				CLANG_WARN_NON_LITERAL_NULL_CONVERSION = YES;
				CLANG_WARN_OBJC_IMPLICIT_RETAIN_SELF = YES;
				CLANG_WARN_OBJC_LITERAL_CONVERSION = YES;
				CLANG_WARN_OBJC_ROOT_CLASS = YES_ERROR;
				CLANG_WARN_QUOTED_INCLUDE_IN_FRAMEWORK_HEADER = YES;
				CLANG_WARN_RANGE_LOOP_ANALYSIS = YES;
				CLANG_WARN_STRICT_PROTOTYPES = YES;
				CLANG_WARN_SUSPICIOUS_MOVE = YES;
				CLANG_WARN_UNGUARDED_AVAILABILITY = YES_AGGRESSIVE;
				CLANG_WARN_UNREACHABLE_CODE = YES;
				CLANG_WARN__DUPLICATE_METHOD_MATCH = YES;
				COPY_PHASE_STRIP = NO;
				DEBUG_INFORMATION_FORMAT = dwarf;
				ENABLE_STRICT_OBJC_MSGSEND = YES;
				ENABLE_TESTABILITY = YES;
				GCC_C_LANGUAGE_STANDARD = gnu11;
				GCC_DYNAMIC_NO_PIC = NO;
				GCC_NO_COMMON_BLOCKS = YES;
				GCC_OPTIMIZATION_LEVEL = 0;
				GCC_PREPROCESSOR_DEFINITIONS = (
					"DEBUG=1",
					"$(inherited)",
				);
				GCC_WARN_64_TO_32_BIT_CONVERSION = YES;
				GCC_WARN_ABOUT_RETURN_TYPE = YES_ERROR;
				GCC_WARN_UNDECLARED_SELECTOR = YES;
				GCC_WARN_UNINITIALIZED_AUTOS = YES_AGGRESSIVE;
				GCC_WARN_UNUSED_FUNCTION = YES;
				GCC_WARN_UNUSED_VARIABLE = YES;
				IPHONEOS_DEPLOYMENT_TARGET = 15.5;
				MTL_ENABLE_DEBUG_INFO = INCLUDE_SOURCE;
				MTL_FAST_MATH = YES;
				ONLY_ACTIVE_ARCH = YES;
				SDKROOT = iphoneos;
				SWIFT_ACTIVE_COMPILATION_CONDITIONS = DEBUG;
				SWIFT_OPTIMIZATION_LEVEL = "-Onone";
			};
			name = Debug;
		};
		FEA097B928BBC76000904523 /* Release */ = {
			isa = XCBuildConfiguration;
			buildSettings = {
				ALWAYS_SEARCH_USER_PATHS = NO;
				CLANG_ANALYZER_NONNULL = YES;
				CLANG_ANALYZER_NUMBER_OBJECT_CONVERSION = YES_AGGRESSIVE;
				CLANG_CXX_LANGUAGE_STANDARD = "gnu++17";
				CLANG_ENABLE_MODULES = YES;
				CLANG_ENABLE_OBJC_ARC = YES;
				CLANG_ENABLE_OBJC_WEAK = YES;
				CLANG_WARN_BLOCK_CAPTURE_AUTORELEASING = YES;
				CLANG_WARN_BOOL_CONVERSION = YES;
				CLANG_WARN_COMMA = YES;
				CLANG_WARN_CONSTANT_CONVERSION = YES;
				CLANG_WARN_DEPRECATED_OBJC_IMPLEMENTATIONS = YES;
				CLANG_WARN_DIRECT_OBJC_ISA_USAGE = YES_ERROR;
				CLANG_WARN_DOCUMENTATION_COMMENTS = YES;
				CLANG_WARN_EMPTY_BODY = YES;
				CLANG_WARN_ENUM_CONVERSION = YES;
				CLANG_WARN_INFINITE_RECURSION = YES;
				CLANG_WARN_INT_CONVERSION = YES;
				CLANG_WARN_NON_LITERAL_NULL_CONVERSION = YES;
				CLANG_WARN_OBJC_IMPLICIT_RETAIN_SELF = YES;
				CLANG_WARN_OBJC_LITERAL_CONVERSION = YES;
				CLANG_WARN_OBJC_ROOT_CLASS = YES_ERROR;
				CLANG_WARN_QUOTED_INCLUDE_IN_FRAMEWORK_HEADER = YES;
				CLANG_WARN_RANGE_LOOP_ANALYSIS = YES;
				CLANG_WARN_STRICT_PROTOTYPES = YES;
				CLANG_WARN_SUSPICIOUS_MOVE = YES;
				CLANG_WARN_UNGUARDED_AVAILABILITY = YES_AGGRESSIVE;
				CLANG_WARN_UNREACHABLE_CODE = YES;
				CLANG_WARN__DUPLICATE_METHOD_MATCH = YES;
				COPY_PHASE_STRIP = NO;
				DEBUG_INFORMATION_FORMAT = "dwarf-with-dsym";
				ENABLE_NS_ASSERTIONS = NO;
				ENABLE_STRICT_OBJC_MSGSEND = YES;
				GCC_C_LANGUAGE_STANDARD = gnu11;
				GCC_NO_COMMON_BLOCKS = YES;
				GCC_WARN_64_TO_32_BIT_CONVERSION = YES;
				GCC_WARN_ABOUT_RETURN_TYPE = YES_ERROR;
				GCC_WARN_UNDECLARED_SELECTOR = YES;
				GCC_WARN_UNINITIALIZED_AUTOS = YES_AGGRESSIVE;
				GCC_WARN_UNUSED_FUNCTION = YES;
				GCC_WARN_UNUSED_VARIABLE = YES;
				IPHONEOS_DEPLOYMENT_TARGET = 15.5;
				MTL_ENABLE_DEBUG_INFO = NO;
				MTL_FAST_MATH = YES;
				SDKROOT = iphoneos;
				SWIFT_COMPILATION_MODE = wholemodule;
				SWIFT_OPTIMIZATION_LEVEL = "-O";
				VALIDATE_PRODUCT = YES;
			};
			name = Release;
		};
		FEA097BB28BBC76000904523 /* Debug */ = {
			isa = XCBuildConfiguration;
			buildSettings = {
				ASSETCATALOG_COMPILER_APPICON_NAME = AppIcon;
				ASSETCATALOG_COMPILER_GLOBAL_ACCENT_COLOR_NAME = AccentColor;
				CODE_SIGN_STYLE = Automatic;
				CURRENT_PROJECT_VERSION = 1;
				DEVELOPMENT_ASSET_PATHS = "\"calculator/Preview Content\"";
				ENABLE_PREVIEWS = YES;
				GENERATE_INFOPLIST_FILE = YES;
				INFOPLIST_KEY_UIApplicationSceneManifest_Generation = YES;
				INFOPLIST_KEY_UIApplicationSupportsIndirectInputEvents = YES;
				INFOPLIST_KEY_UILaunchScreen_Generation = YES;
				INFOPLIST_KEY_UISupportedInterfaceOrientations_iPad = "UIInterfaceOrientationPortrait UIInterfaceOrientationPortraitUpsideDown UIInterfaceOrientationLandscapeLeft UIInterfaceOrientationLandscapeRight";
				INFOPLIST_KEY_UISupportedInterfaceOrientations_iPhone = "UIInterfaceOrientationPortrait UIInterfaceOrientationLandscapeLeft UIInterfaceOrientationLandscapeRight";
				LD_RUNPATH_SEARCH_PATHS = (
					"$(inherited)",
					"@executable_path/Frameworks",
				);
				MARKETING_VERSION = 1.0;
				PRODUCT_BUNDLE_IDENTIFIER = Allison.calculator;
				PRODUCT_NAME = "$(TARGET_NAME)";
				SWIFT_EMIT_LOC_STRINGS = YES;
				SWIFT_VERSION = 5.0;
				TARGETED_DEVICE_FAMILY = "1,2";
			};
			name = Debug;
		};
		FEA097BC28BBC76000904523 /* Release */ = {
			isa = XCBuildConfiguration;
			buildSettings = {
				ASSETCATALOG_COMPILER_APPICON_NAME = AppIcon;
				ASSETCATALOG_COMPILER_GLOBAL_ACCENT_COLOR_NAME = AccentColor;
				CODE_SIGN_STYLE = Automatic;
				CURRENT_PROJECT_VERSION = 1;
				DEVELOPMENT_ASSET_PATHS = "\"calculator/Preview Content\"";
				ENABLE_PREVIEWS = YES;
				GENERATE_INFOPLIST_FILE = YES;
				INFOPLIST_KEY_UIApplicationSceneManifest_Generation = YES;
				INFOPLIST_KEY_UIApplicationSupportsIndirectInputEvents = YES;
				INFOPLIST_KEY_UILaunchScreen_Generation = YES;
				INFOPLIST_KEY_UISupportedInterfaceOrientations_iPad = "UIInterfaceOrientationPortrait UIInterfaceOrientationPortraitUpsideDown UIInterfaceOrientationLandscapeLeft UIInterfaceOrientationLandscapeRight";
				INFOPLIST_KEY_UISupportedInterfaceOrientations_iPhone = "UIInterfaceOrientationPortrait UIInterfaceOrientationLandscapeLeft UIInterfaceOrientationLandscapeRight";
				LD_RUNPATH_SEARCH_PATHS = (
					"$(inherited)",
					"@executable_path/Frameworks",
				);
				MARKETING_VERSION = 1.0;
				PRODUCT_BUNDLE_IDENTIFIER = Allison.calculator;
				PRODUCT_NAME = "$(TARGET_NAME)";
				SWIFT_EMIT_LOC_STRINGS = YES;
				SWIFT_VERSION = 5.0;
				TARGETED_DEVICE_FAMILY = "1,2";
			};
			name = Release;
		};
		FEA097BE28BBC76000904523 /* Debug */ = {
			isa = XCBuildConfiguration;
			buildSettings = {
				ALWAYS_EMBED_SWIFT_STANDARD_LIBRARIES = YES;
				BUNDLE_LOADER = "$(TEST_HOST)";
				CODE_SIGN_STYLE = Automatic;
				CURRENT_PROJECT_VERSION = 1;
				GENERATE_INFOPLIST_FILE = YES;
				IPHONEOS_DEPLOYMENT_TARGET = 15.5;
				MARKETING_VERSION = 1.0;
				PRODUCT_BUNDLE_IDENTIFIER = Allison.calculatorTests;
				PRODUCT_NAME = "$(TARGET_NAME)";
				SWIFT_EMIT_LOC_STRINGS = NO;
				SWIFT_VERSION = 5.0;
				TARGETED_DEVICE_FAMILY = "1,2";
				TEST_HOST = "$(BUILT_PRODUCTS_DIR)/calculator.app/calculator";
			};
			name = Debug;
		};
		FEA097BF28BBC76000904523 /* Release */ = {
			isa = XCBuildConfiguration;
			buildSettings = {
				ALWAYS_EMBED_SWIFT_STANDARD_LIBRARIES = YES;
				BUNDLE_LOADER = "$(TEST_HOST)";
				CODE_SIGN_STYLE = Automatic;
				CURRENT_PROJECT_VERSION = 1;
				GENERATE_INFOPLIST_FILE = YES;
				IPHONEOS_DEPLOYMENT_TARGET = 15.5;
				MARKETING_VERSION = 1.0;
				PRODUCT_BUNDLE_IDENTIFIER = Allison.calculatorTests;
				PRODUCT_NAME = "$(TARGET_NAME)";
				SWIFT_EMIT_LOC_STRINGS = NO;
				SWIFT_VERSION = 5.0;
				TARGETED_DEVICE_FAMILY = "1,2";
				TEST_HOST = "$(BUILT_PRODUCTS_DIR)/calculator.app/calculator";
			};
			name = Release;
		};
		FEA097C128BBC76000904523 /* Debug */ = {
			isa = XCBuildConfiguration;
			buildSettings = {
				ALWAYS_EMBED_SWIFT_STANDARD_LIBRARIES = YES;
				CODE_SIGN_STYLE = Automatic;
				CURRENT_PROJECT_VERSION = 1;
				GENERATE_INFOPLIST_FILE = YES;
				MARKETING_VERSION = 1.0;
				PRODUCT_BUNDLE_IDENTIFIER = Allison.calculatorUITests;
				PRODUCT_NAME = "$(TARGET_NAME)";
				SWIFT_EMIT_LOC_STRINGS = NO;
				SWIFT_VERSION = 5.0;
				TARGETED_DEVICE_FAMILY = "1,2";
				TEST_TARGET_NAME = calculator;
			};
			name = Debug;
		};
		FEA097C228BBC76000904523 /* Release */ = {
			isa = XCBuildConfiguration;
			buildSettings = {
				ALWAYS_EMBED_SWIFT_STANDARD_LIBRARIES = YES;
				CODE_SIGN_STYLE = Automatic;
				CURRENT_PROJECT_VERSION = 1;
				GENERATE_INFOPLIST_FILE = YES;
				MARKETING_VERSION = 1.0;
				PRODUCT_BUNDLE_IDENTIFIER = Allison.calculatorUITests;
				PRODUCT_NAME = "$(TARGET_NAME)";
				SWIFT_EMIT_LOC_STRINGS = NO;
				SWIFT_VERSION = 5.0;
				TARGETED_DEVICE_FAMILY = "1,2";
				TEST_TARGET_NAME = calculator;
			};
			name = Release;
		};
/* End XCBuildConfiguration section */

/* Begin XCConfigurationList section */
		FEA0979128BBC75800904523 /* Build configuration list for PBXProject "calculator" */ = {
			isa = XCConfigurationList;
			buildConfigurations = (
				FEA097B828BBC76000904523 /* Debug */,
				FEA097B928BBC76000904523 /* Release */,
			);
			defaultConfigurationIsVisible = 0;
			defaultConfigurationName = Release;
		};
		FEA097BA28BBC76000904523 /* Build configuration list for PBXNativeTarget "calculator" */ = {
			isa = XCConfigurationList;
			buildConfigurations = (
				FEA097BB28BBC76000904523 /* Debug */,
				FEA097BC28BBC76000904523 /* Release */,
			);
			defaultConfigurationIsVisible = 0;
			defaultConfigurationName = Release;
		};
		FEA097BD28BBC76000904523 /* Build configuration list for PBXNativeTarget "calculatorTests" */ = {
			isa = XCConfigurationList;
			buildConfigurations = (
				FEA097BE28BBC76000904523 /* Debug */,
				FEA097BF28BBC76000904523 /* Release */,
			);
			defaultConfigurationIsVisible = 0;
			defaultConfigurationName = Release;
		};
		FEA097C028BBC76000904523 /* Build configuration list for PBXNativeTarget "calculatorUITests" */ = {
			isa = XCConfigurationList;
			buildConfigurations = (
				FEA097C128BBC76000904523 /* Debug */,
				FEA097C228BBC76000904523 /* Release */,
			);
			defaultConfigurationIsVisible = 0;
			defaultConfigurationName = Release;
		};
/* End XCConfigurationList section */
	};
	rootObject = FEA0978E28BBC75800904523 /* Project object */;
}
